{
  "version": "5",
  "redirects": {
    "https://esm.sh/@apibara/indexer": "https://esm.sh/@apibara/indexer@0.4.1",
    "https://esm.sh/@noble/curves@~1.2.0/_shortw_utils?target=denonext": "https://esm.sh/@noble/curves@1.2.0/_shortw_utils?target=denonext",
    "https://esm.sh/@noble/curves@~1.2.0/abstract/modular?target=denonext": "https://esm.sh/@noble/curves@1.2.0/abstract/modular?target=denonext",
    "https://esm.sh/@noble/curves@~1.2.0/abstract/poseidon?target=denonext": "https://esm.sh/@noble/curves@1.2.0/abstract/poseidon?target=denonext",
    "https://esm.sh/@noble/curves@~1.2.0/abstract/utils?target=denonext": "https://esm.sh/@noble/curves@1.2.0/abstract/utils?target=denonext",
    "https://esm.sh/@noble/curves@~1.2.0/abstract/weierstrass?target=denonext": "https://esm.sh/@noble/curves@1.2.0/abstract/weierstrass?target=denonext",
    "https://esm.sh/@noble/hashes@~1.3.2/sha256?target=denonext": "https://esm.sh/@noble/hashes@1.3.3/sha256?target=denonext",
    "https://esm.sh/@noble/hashes@~1.3.2/sha3?target=denonext": "https://esm.sh/@noble/hashes@1.3.3/sha3?target=denonext",
    "https://esm.sh/@noble/hashes@~1.3.2/utils?target=denonext": "https://esm.sh/@noble/hashes@1.3.3/utils?target=denonext",
    "https://esm.sh/@scure/starknet@~0.3.0?target=denonext": "https://esm.sh/@scure/starknet@0.3.0?target=denonext",
    "https://esm.sh/@types/pako@~2.0.3/index.d.ts": "https://esm.sh/@types/pako@2.0.3/index.d.ts",
    "https://esm.sh/@types/url-join@~4.0.3/index.d.ts": "https://esm.sh/@types/url-join@4.0.3/index.d.ts",
    "https://esm.sh/@types/utf-8-validate@~5.0.2/index.d.ts": "https://esm.sh/@types/utf-8-validate@5.0.2/index.d.ts",
    "https://esm.sh/bufferutil@^4.0.1?target=denonext": "https://esm.sh/bufferutil@4.0.9?target=denonext",
    "https://esm.sh/isomorphic-fetch@^3.0.0?target=denonext": "https://esm.sh/isomorphic-fetch@3.0.0?target=denonext",
    "https://esm.sh/lossless-json@^2.0.8?target=denonext": "https://esm.sh/lossless-json@2.0.11?target=denonext",
    "https://esm.sh/node-gyp-build@^4.3.0?target=denonext": "https://esm.sh/node-gyp-build@4.8.4?target=denonext",
    "https://esm.sh/pako@^2.0.4?target=denonext": "https://esm.sh/pako@2.1.0?target=denonext",
    "https://esm.sh/url-join@^4.0.1?target=denonext": "https://esm.sh/url-join@4.0.1?target=denonext",
    "https://esm.sh/utf-8-validate@^5.0.2?target=denonext": "https://esm.sh/utf-8-validate@5.0.10?target=denonext"
  },
  "remote": {
    "https://deno.land/std@0.160.0/_util/assert.ts": "e94f2eb37cebd7f199952e242c77654e43333c1ac4c5c700e929ea3aa5489f74",
    "https://deno.land/std@0.160.0/_util/os.ts": "8a33345f74990e627b9dfe2de9b040004b08ea5146c7c9e8fe9a29070d193934",
    "https://deno.land/std@0.160.0/async/abortable.ts": "87aa7230be8360c24ad437212311c9e8d4328854baec27b4c7abb26e85515c06",
    "https://deno.land/std@0.160.0/async/deadline.ts": "48ac998d7564969f3e6ec6b6f9bf0217ebd00239b1b2292feba61272d5dd58d0",
    "https://deno.land/std@0.160.0/async/debounce.ts": "dc8b92d4a4fe7eac32c924f2b8d3e62112530db70cadce27042689d82970b350",
    "https://deno.land/std@0.160.0/async/deferred.ts": "d8fb253ffde2a056e4889ef7e90f3928f28be9f9294b6505773d33f136aab4e6",
    "https://deno.land/std@0.160.0/async/delay.ts": "0419dfc993752849692d1f9647edf13407c7facc3509b099381be99ffbc9d699",
    "https://deno.land/std@0.160.0/async/mod.ts": "dd0a8ed4f3984ffabe2fcca7c9f466b7932d57b1864ffee148a5d5388316db6b",
    "https://deno.land/std@0.160.0/async/mux_async_iterator.ts": "3447b28a2a582224a3d4d3596bccbba6e85040da3b97ed64012f7decce98d093",
    "https://deno.land/std@0.160.0/async/pool.ts": "ef9eb97b388543acbf0ac32647121e4dbe629236899586c4d4311a8770fbb239",
    "https://deno.land/std@0.160.0/async/tee.ts": "9af3a3e7612af75861308b52249e167f5ebc3dcfc8a1a4d45462d96606ee2b70",
    "https://deno.land/std@0.160.0/bytes/bytes_list.ts": "aba5e2369e77d426b10af1de0dcc4531acecec27f9b9056f4f7bfbf8ac147ab4",
    "https://deno.land/std@0.160.0/bytes/equals.ts": "3c3558c3ae85526f84510aa2b48ab2ad7bdd899e2e0f5b7a8ffc85acb3a6043a",
    "https://deno.land/std@0.160.0/bytes/mod.ts": "b2e342fd3669176a27a4e15061e9d588b89c1aaf5008ab71766e23669565d179",
    "https://deno.land/std@0.160.0/crypto/_fnv/fnv32.ts": "aa9bddead8c6345087d3abd4ef35fb9655622afc333fc41fff382b36e64280b5",
    "https://deno.land/std@0.160.0/crypto/_fnv/fnv64.ts": "625d7e7505b6cb2e9801b5fd6ed0a89256bac12b2bbb3e4664b85a88b0ec5bef",
    "https://deno.land/std@0.160.0/crypto/_fnv/index.ts": "a8f6a361b4c6d54e5e89c16098f99b6962a1dd6ad1307dbc97fa1ecac5d7060a",
    "https://deno.land/std@0.160.0/crypto/_fnv/util.ts": "4848313bed7f00f55be3cb080aa0583fc007812ba965b03e4009665bde614ce3",
    "https://deno.land/std@0.160.0/crypto/_wasm_crypto/lib/deno_std_wasm_crypto.generated.mjs": "258b484c2da27578bec61c01d4b62c21f72268d928d03c968c4eb590cb3bd830",
    "https://deno.land/std@0.160.0/crypto/_wasm_crypto/mod.ts": "6c60d332716147ded0eece0861780678d51b560f533b27db2e15c64a4ef83665",
    "https://deno.land/std@0.160.0/crypto/keystack.ts": "e481eed28007395e554a435e880fee83a5c73b9259ed8a135a75e4b1e4f381f7",
    "https://deno.land/std@0.160.0/crypto/mod.ts": "fadedc013b4a86fda6305f1adc6d1c02225834d53cff5d95cc05f62b25127517",
    "https://deno.land/std@0.160.0/crypto/timing_safe_equal.ts": "82a29b737bc8932d75d7a20c404136089d5d23629e94ba14efa98a8cc066c73e",
    "https://deno.land/std@0.160.0/datetime/formatter.ts": "7c8e6d16a0950f400aef41b9f1eb9168249869776ec520265dfda785d746589e",
    "https://deno.land/std@0.160.0/datetime/mod.ts": "ea927ca96dfb28c7b9a5eed5bdc7ac46bb9db38038c4922631895cea342fea87",
    "https://deno.land/std@0.160.0/datetime/tokenizer.ts": "7381e28f6ab51cb504c7e132be31773d73ef2f3e1e50a812736962b9df1e8c47",
    "https://deno.land/std@0.160.0/encoding/base64.ts": "c57868ca7fa2fbe919f57f88a623ad34e3d970d675bdc1ff3a9d02bba7409db2",
    "https://deno.land/std@0.160.0/encoding/base64url.ts": "a5f82a9fa703bd85a5eb8e7c1296bc6529e601ebd9642cc2b5eaa6b38fa9e05a",
    "https://deno.land/std@0.160.0/encoding/hex.ts": "4cc5324417cbb4ac9b828453d35aed45b9cc29506fad658f1f138d981ae33795",
    "https://deno.land/std@0.160.0/fmt/colors.ts": "9e36a716611dcd2e4865adea9c4bec916b5c60caad4cdcdc630d4974e6bb8bd4",
    "https://deno.land/std@0.160.0/io/buffer.ts": "fae02290f52301c4e0188670e730cd902f9307fb732d79c4aa14ebdc82497289",
    "https://deno.land/std@0.160.0/path/_constants.ts": "df1db3ffa6dd6d1252cc9617e5d72165cd2483df90e93833e13580687b6083c3",
    "https://deno.land/std@0.160.0/path/_interface.ts": "ee3b431a336b80cf445441109d089b70d87d5e248f4f90ff906820889ecf8d09",
    "https://deno.land/std@0.160.0/path/_util.ts": "d16be2a16e1204b65f9d0dfc54a9bc472cafe5f4a190b3c8471ec2016ccd1677",
    "https://deno.land/std@0.160.0/path/common.ts": "bee563630abd2d97f99d83c96c2fa0cca7cee103e8cb4e7699ec4d5db7bd2633",
    "https://deno.land/std@0.160.0/path/glob.ts": "cb5255638de1048973c3e69e420c77dc04f75755524cb3b2e160fe9277d939ee",
    "https://deno.land/std@0.160.0/path/mod.ts": "56fec03ad0ebd61b6ab39ddb9b0ddb4c4a5c9f2f4f632e09dd37ec9ebfd722ac",
    "https://deno.land/std@0.160.0/path/posix.ts": "6b63de7097e68c8663c84ccedc0fd977656eb134432d818ecd3a4e122638ac24",
    "https://deno.land/std@0.160.0/path/separator.ts": "fe1816cb765a8068afb3e8f13ad272351c85cbc739af56dacfc7d93d710fe0f9",
    "https://deno.land/std@0.160.0/path/win32.ts": "ee8826dce087d31c5c81cd414714e677eb68febc40308de87a2ce4b40e10fb8d",
    "https://deno.land/std@0.160.0/testing/_diff.ts": "a23e7fc2b4d8daa3e158fa06856bedf5334ce2a2831e8bf9e509717f455adb2c",
    "https://deno.land/std@0.160.0/testing/_format.ts": "cd11136e1797791045e639e9f0f4640d5b4166148796cad37e6ef75f7d7f3832",
    "https://deno.land/std@0.160.0/testing/asserts.ts": "1e340c589853e82e0807629ba31a43c84ebdcdeca910c4a9705715dfdb0f5ce8",
    "https://deno.land/x/postgres@v0.17.0/client.ts": "348779c9f6a1c75ef1336db662faf08dce7d2101ff72f0d1e341ba1505c8431d",
    "https://deno.land/x/postgres@v0.17.0/client/error.ts": "0817583b666fd546664ed52c1d37beccc5a9eebcc6e3c2ead20ada99b681e5f7",
    "https://deno.land/x/postgres@v0.17.0/connection/auth.ts": "1070125e2ac4ca4ade36d69a4222d37001903092826d313217987583edd61ce9",
    "https://deno.land/x/postgres@v0.17.0/connection/connection.ts": "428ed3efa055870db505092b5d3545ef743497b7b4b72cf8f0593e7dd4788acd",
    "https://deno.land/x/postgres@v0.17.0/connection/connection_params.ts": "52bfe90e8860f584b95b1b08c254dde97c3aa763c4b6bee0c80c5930e35459e0",
    "https://deno.land/x/postgres@v0.17.0/connection/message.ts": "f9257948b7f87d58bfbfe3fc6e2e08f0de3ef885655904d56a5f73655cc22c5a",
    "https://deno.land/x/postgres@v0.17.0/connection/message_code.ts": "466719008b298770c366c5c63f6cf8285b7f76514dadb4b11e7d9756a8a1ddbf",
    "https://deno.land/x/postgres@v0.17.0/connection/packet.ts": "050aeff1fc13c9349e89451a155ffcd0b1343dc313a51f84439e3e45f64b56c8",
    "https://deno.land/x/postgres@v0.17.0/connection/scram.ts": "0c7a2551fe7b1a1c62dd856b7714731a7e7534ccca10093336782d1bfc5b2bd2",
    "https://deno.land/x/postgres@v0.17.0/deps.ts": "f47ccb41f7f97eaad455d94f407ef97146ae99443dbe782894422c869fbba69e",
    "https://deno.land/x/postgres@v0.17.0/mod.ts": "a1e18fd9e6fedc8bc24e5aeec3ae6de45e2274be1411fb66e9081420c5e81d7d",
    "https://deno.land/x/postgres@v0.17.0/pool.ts": "892db7b5e1787988babecc994a151ebbd7d017f080905cbe9c3d7b44a73032a9",
    "https://deno.land/x/postgres@v0.17.0/query/array_parser.ts": "f8a229d82c3801de8266fa2cc4afe12e94fef8d0c479e73655c86ed3667ef33f",
    "https://deno.land/x/postgres@v0.17.0/query/decode.ts": "44a4a6cbcf494ed91a4fecae38a57dce63a7b519166f02c702791d9717371419",
    "https://deno.land/x/postgres@v0.17.0/query/decoders.ts": "16cb0e60227d86692931e315421b15768c78526e3aeb84e25fcc4111096de9fd",
    "https://deno.land/x/postgres@v0.17.0/query/encode.ts": "5f1418a2932b7c2231556e4a5f5f56efef48728014070cfafe7656963f342933",
    "https://deno.land/x/postgres@v0.17.0/query/oid.ts": "8c33e1325f34e4ca9f11a48b8066c8cfcace5f64bc1eb17ad7247af4936999e1",
    "https://deno.land/x/postgres@v0.17.0/query/query.ts": "edb473cbcfeff2ee1c631272afb25d079d06b66b5853f42492725b03ffa742b6",
    "https://deno.land/x/postgres@v0.17.0/query/transaction.ts": "8e75c3ce0aca97da7fe126e68f8e6c08d640e5c8d2016e62cee5c254bebe7fe8",
    "https://deno.land/x/postgres@v0.17.0/query/types.ts": "a6dc8024867fe7ccb0ba4b4fa403ee5d474c7742174128c8e689c3b5e5eaa933",
    "https://deno.land/x/postgres@v0.17.0/utils/deferred.ts": "dd94f2a57355355c47812b061a51b55263f72d24e9cb3fdb474c7519f4d61083",
    "https://deno.land/x/postgres@v0.17.0/utils/utils.ts": "19c3527ddd5c6c4c49ae36397120274c7f41f9d3cbf479cb36065d23329e9f90",
    "https://esm.sh/@adraffy/ens-normalize@1.9.2/denonext/ens-normalize.mjs": "ab7e8adf19aab5489796f690f08010fe6e6bc7a9b109c1fd63d77a5e0268c485",
    "https://esm.sh/@apibara/indexer@0.4.1": "815319b02eef6ab0eedf4b5e17fbe6fd9832cbfac958a0af4de0cbe9a57c71dd",
    "https://esm.sh/@apibara/indexer@0.4.1/denonext/indexer.mjs": "6cc22ef87dd5a8756621e2b6ab68ab318175a671bf1f3d29d77135f7004a13b3",
    "https://esm.sh/@noble/curves@1.2.0/_shortw_utils?target=denonext": "2866f70d6a30f0075e004bdd79e1c9cd47356a8ca571bf9f5535ca3f46561a3a",
    "https://esm.sh/@noble/curves@1.2.0/abstract/modular?target=denonext": "9a12390c7033594402fdb219731658336e4cd259394164af8564de3147811341",
    "https://esm.sh/@noble/curves@1.2.0/abstract/poseidon?target=denonext": "e23d186de64a40f582eb5d049a758e69c6c1de9b1d621f2b00ad4378cf8c1fa1",
    "https://esm.sh/@noble/curves@1.2.0/abstract/utils?target=denonext": "a0c1d10421ab80b55a029aed8623e5271942802f498a35d8cc8bcd9167385a6f",
    "https://esm.sh/@noble/curves@1.2.0/abstract/weierstrass?target=denonext": "bd04ca6986243b5493b947e43da4e6d9e3b5563dd6752cc4dc8b0d81e0f502c3",
    "https://esm.sh/@noble/curves@1.2.0/denonext/_shortw_utils.mjs": "f727d962e20cbedf734b164816693c8c93675ed6c8c86ec794377277f0b5c0e2",
    "https://esm.sh/@noble/curves@1.2.0/denonext/abstract/curve.mjs": "f050d7fa7ebc91291d66625fc2711513bdadbeaec0920b0f76be0c224fa575d8",
    "https://esm.sh/@noble/curves@1.2.0/denonext/abstract/modular.mjs": "8a063ac2d423b5878a4f33d0a6ad1779e844de4fc21ac490aed90446b0101b25",
    "https://esm.sh/@noble/curves@1.2.0/denonext/abstract/poseidon.mjs": "7e75a5bf0a73ecc383336a2c8b4aecd9ee08f8e4e4fe535574bece6fb56e5f19",
    "https://esm.sh/@noble/curves@1.2.0/denonext/abstract/utils.mjs": "9da76ddc911df09a5a3ab32e1a713ee1963f93b165034fad38930a5ad0b5bacb",
    "https://esm.sh/@noble/curves@1.2.0/denonext/abstract/weierstrass.mjs": "65363936fb13fd150be08641e2ddbe91e9c30758b9f2bacda1ba1b78b7a7e046",
    "https://esm.sh/@noble/hashes@1.1.2/denonext/_assert.mjs": "cc8200e46cbd8995f1741dcb5f8200827569d8446eb24410c9adbda2b96c5da1",
    "https://esm.sh/@noble/hashes@1.1.2/denonext/_sha2.mjs": "e2615ebd1a3b5a684b5c1208af23fadc55576868e5dac9097d9fe1c0b37e59d9",
    "https://esm.sh/@noble/hashes@1.1.2/denonext/crypto.mjs": "48e37f247bb92479da50d7a6df9ac89684c86fdaf7347c20779192917e232449",
    "https://esm.sh/@noble/hashes@1.1.2/denonext/esm/_u64.mjs": "fca5bccd70a886af2435cb54131cb7f6603efc2f7f357ea607fa3b83b765a228",
    "https://esm.sh/@noble/hashes@1.1.2/denonext/hmac.mjs": "2a185bcd026a5822c20118450a677c0ad7fdcd7846bfb35c9a2f02141626f2b8",
    "https://esm.sh/@noble/hashes@1.1.2/denonext/pbkdf2.mjs": "2da10875be49e6710dda4056700f075c64902e9e834eb0ae6571f53240001e01",
    "https://esm.sh/@noble/hashes@1.1.2/denonext/ripemd160.mjs": "fb4bd151e94a940ddf3d35b48643b649d871187f24417359a9c6af26ad0f5d7d",
    "https://esm.sh/@noble/hashes@1.1.2/denonext/scrypt.mjs": "218f13907ece5bcd5ca8e7b9e0d73c4c563be20ce512d559f933f05b77af303f",
    "https://esm.sh/@noble/hashes@1.1.2/denonext/sha256.mjs": "b2cc213a94f6ca4e4cc3114187c6e597b4c5497871d38267fe6e7a537f65fbf1",
    "https://esm.sh/@noble/hashes@1.1.2/denonext/sha3.mjs": "34a25ffa3d1852366fe584bd99027c967328704c33d79f658972e4161d2aa029",
    "https://esm.sh/@noble/hashes@1.1.2/denonext/utils.mjs": "741b9cf080b7d1c9bfc096a385119aacbafa1d4701ac965f14e265593cfd708d",
    "https://esm.sh/@noble/hashes@1.3.2/denonext/_assert.mjs": "61d0ca75a9350e4eb55bc202c0409a03203182b8f15ef849bbe9317a16024365",
    "https://esm.sh/@noble/hashes@1.3.2/denonext/crypto.mjs": "ed0ec2ee968c1c93626f7d0f00561c250e01dfdbf05522e03b664dbcca728999",
    "https://esm.sh/@noble/hashes@1.3.2/denonext/hmac.mjs": "bb072d2361b24f3e3d3185df33134fa43c24e070d9179ca5375ca154e952d6fd",
    "https://esm.sh/@noble/hashes@1.3.2/denonext/utils.mjs": "a55118e868b36ccab9ffe70d459c80bf4eb1db04206779b07f3938ab07806bf9",
    "https://esm.sh/@noble/hashes@1.3.3/denonext/_assert.mjs": "49706e1633a538c1d89c38e2b46d08e1ec047374906321f76d7e9f3d836fb3bb",
    "https://esm.sh/@noble/hashes@1.3.3/denonext/_sha2.mjs": "6fc661f17b7713c56464e79534ca594832d238b292f16b144cccb790852226a5",
    "https://esm.sh/@noble/hashes@1.3.3/denonext/crypto.mjs": "95e269fef913b5cf9bebf3c6648ad11883423d5a65269e1f15464115f212c33b",
    "https://esm.sh/@noble/hashes@1.3.3/denonext/esm/_u64.mjs": "59d17d5b2fce4825a9b6778138cd8dbb830b0cc07a57a997f4b9304589e963ea",
    "https://esm.sh/@noble/hashes@1.3.3/denonext/sha256.mjs": "7e540005bfe6da5ca43347d4e61f70b89adf89e839c0a6f0fad1adcc54314a07",
    "https://esm.sh/@noble/hashes@1.3.3/denonext/sha3.mjs": "f2132397476cd1ee8ba14e2563650d4c5db585e3fa0c1bddb9855eca3bb64bce",
    "https://esm.sh/@noble/hashes@1.3.3/denonext/utils.mjs": "f8a6599c038cbdca9bd1228c7580329f011d6eb4baeaa826ffa11979d9512983",
    "https://esm.sh/@noble/hashes@1.3.3/sha256?target=denonext": "c7a5b88a05714943ea0069d68219348db583db711343494d49c959373fbbe151",
    "https://esm.sh/@noble/hashes@1.3.3/sha3?target=denonext": "d2b6b9e925bd79b0a4494a8ab7af4783b4b9085aa71fe5977242c159806deda6",
    "https://esm.sh/@noble/hashes@1.3.3/utils?target=denonext": "7708223fc228e26b3092d02131aebe9acd4c39dde47323ab85371450f774f172",
    "https://esm.sh/@noble/secp256k1@1.7.1/denonext/secp256k1.mjs": "250bf6d4f2caed3b44c55589f6990afaf0a6b97312f8858c628e4ee75ee6d137",
    "https://esm.sh/@scure/starknet@0.3.0/denonext/starknet.mjs": "2dce695a619218c464ad044732bee404f9870195e1af2de8dd3ce87e509a5487",
    "https://esm.sh/@scure/starknet@0.3.0?target=denonext": "1da405277ad6b212ab14fb4f22515b5a162be4ed6c111330f6fb59415006025d",
    "https://esm.sh/abi-wan-kanabi@1.0.3": "12a3091aab886bff2e147b764189ca3072aa3167ec29ba1e6f95ad6cf848b16d",
    "https://esm.sh/abi-wan-kanabi@1.0.3/denonext/abi-wan-kanabi.mjs": "5d9d0148e59b1c3dfb18e239c4499869287b4c35e66c381f98592fcb17f72b1a",
    "https://esm.sh/aes-js@4.0.0-beta.5/denonext/aes-js.mjs": "491ebbd74059da270ed88751cdfa1d30a1fe1ac58e90159ffa3d4e44af2a6c95",
    "https://esm.sh/bufferutil@4.0.9/denonext/bufferutil.mjs": "13dca4d5bb2c68cbe119f880fa3bd785b9a81a8e02e0834dae604b4b85295cd8",
    "https://esm.sh/bufferutil@4.0.9?target=denonext": "e32574569ab438facfcc3f412c659b0719bbf05477136ca176938c9a3ac45125",
    "https://esm.sh/ethers@6.7.1": "841cd68b5eed51e2f26ee762a5e736bf53d96e0e4f7e256f7d1d02d4dcc6c970",
    "https://esm.sh/ethers@6.7.1/denonext/abi.mjs": "05fdc2e1eb3ece36e77d183a6c8bf50ad5284408709144147591bce8d3cf620d",
    "https://esm.sh/ethers@6.7.1/denonext/address.mjs": "aceccb68cb93dda0d197f5faf674fc864f88f0b1bc4ceaa3b238e2cdfd019ada",
    "https://esm.sh/ethers@6.7.1/denonext/constants.mjs": "0e390eae13a67786b09c459f0d5b01cea8b658683d81e06cfdf14454c8a5b680",
    "https://esm.sh/ethers@6.7.1/denonext/contract.mjs": "e604b85e8144a16f44660a9b049b95809830c88b0b29aa4f24e3bf9d3dc48ab9",
    "https://esm.sh/ethers@6.7.1/denonext/crypto.mjs": "071226ec2a4a29e6b064d8a6854fc2d0b382043b7c847114b92dc97826567890",
    "https://esm.sh/ethers@6.7.1/denonext/ethers.mjs": "640ec6bf0c7e3bbbb5ba1921a19e72c440ffcabe521e2fa5ee8510930dc8dd15",
    "https://esm.sh/ethers@6.7.1/denonext/hash.mjs": "944aa2c03856cad57f985126f410c231be4b9909a05f9476fcbb8daf8aa4fb3c",
    "https://esm.sh/ethers@6.7.1/denonext/lib.esm/_version.mjs": "19f66989a57b65dd2ee3dbc2fc6c11954a3f3fe002bc3dc57f126ba29aa61144",
    "https://esm.sh/ethers@6.7.1/denonext/lib.esm/providers/provider.mjs": "e28d5d50dcc7c327e5e432b5682e021e7088365e5236b68edc9624e9c10b5c32",
    "https://esm.sh/ethers@6.7.1/denonext/lib.esm/utils/data.mjs": "756a765e9d538feda27f8c1ba958cbd7e89f7944e52db9cd8628d3f50b4152a8",
    "https://esm.sh/ethers@6.7.1/denonext/lib.esm/utils/errors.mjs": "b06ff48808d3539411a2df1a4bb5c91b50f877da0fed1a224650fa30ebd3ead6",
    "https://esm.sh/ethers@6.7.1/denonext/lib.esm/utils/maths.mjs": "b5ef929b80b202eb36b22a06fac86c6a32c37ebd496147e9403c6f18879e65de",
    "https://esm.sh/ethers@6.7.1/denonext/lib.esm/utils/properties.mjs": "28a08cdb16480ea169ee76a29fb87a14f95fdb889d9ea6b267776c33b2657f33",
    "https://esm.sh/ethers@6.7.1/denonext/lib.esm/utils/utf8.mjs": "043538c2c64277fcc62bddc6ce664414caf8aa476c1dbdeb91a38c7e327503c9",
    "https://esm.sh/ethers@6.7.1/denonext/lib.esm/wordlists/decode-owl.mjs": "224c48c6c94d17eb24118755e72f010698d15c8d9a2224b61765d9f9d00d9d56",
    "https://esm.sh/ethers@6.7.1/denonext/lib.esm/wordlists/lang-en.mjs": "07905a855b62b5478e15f8f4adf646f9a0b5fce8d91cc22899ee61b52b6647e7",
    "https://esm.sh/ethers@6.7.1/denonext/lib.esm/wordlists/wordlist-owl.mjs": "c928e1013d52040984554c32832e9e93cdae5606e2a8c2ca49d7abb36f51c8c5",
    "https://esm.sh/ethers@6.7.1/denonext/lib.esm/wordlists/wordlist.mjs": "08f5ed39370a8a6e0cda065b3d127332b79b1b7feee0541bd7c013b16a0482bf",
    "https://esm.sh/ethers@6.7.1/denonext/providers.mjs": "1aff3dd9d758f90ccc15b99c0c68484a905d828b4b97d601c6c45428fd4a5037",
    "https://esm.sh/ethers@6.7.1/denonext/transaction.mjs": "7e26b5caca44ad1d4d4f7869c9193e1eeadf9edb08fc068a9d38311b62dbfdf2",
    "https://esm.sh/ethers@6.7.1/denonext/utils.mjs": "72af820997cdfa41d6d839b6a47e57386bbb48b692666adcebe627b504d1a939",
    "https://esm.sh/ethers@6.7.1/denonext/wallet.mjs": "3d710660cc684412e91308b48ce6f2db7af6aaa3b9628ac276104336e2eb8585",
    "https://esm.sh/ethers@6.7.1/denonext/wordlists.mjs": "8e7f89294d2dae64c4d0f7c08f9d08aed5a222496fd2fe6f4ccd5e348e6700d7",
    "https://esm.sh/isomorphic-fetch@3.0.0/denonext/isomorphic-fetch.mjs": "30b5b5503c95742a832f8285989906b956e1c1ba81eaf3ac37485daae3685722",
    "https://esm.sh/isomorphic-fetch@3.0.0?target=denonext": "3bdce7a64847c0dc3300af0b7006e90b66d3dcf713817bb4dfb09e9f83b3fe41",
    "https://esm.sh/lossless-json@2.0.11/denonext/lossless-json.mjs": "70e727afd3a8a37b51a9ee09aa0f437168aa50b1d59b0fd115e631008bec9418",
    "https://esm.sh/lossless-json@2.0.11?target=denonext": "66502befe77f7e6a1aaba35cc182acaf079fd1351a5b7a0cedc1489d4b764ef3",
    "https://esm.sh/node-gyp-build@4.8.4/denonext/node-gyp-build.mjs": "9a86f2d044fc77bd60aaa3d697c2ba1b818da5fb1b9aaeedec59a40b8e908803",
    "https://esm.sh/node-gyp-build@4.8.4?target=denonext": "261a6cedf1fdbf159798141ba1e2311ac1510682c5c8b55dacc8cf5fdee4aa06",
    "https://esm.sh/pako@2.1.0/denonext/pako.mjs": "594b3ce0f5ddae3b774b96a54a8da85a7cef98cead7ce5b2e74c7baf5dd06688",
    "https://esm.sh/pako@2.1.0?target=denonext": "3dcc4182e7adf7e7639788c643bb99c4379e2d4ffd475b29fbf4b8590d9dd3ac",
    "https://esm.sh/starknet@5.19.5": "c3cc276e01837689a2a684a48b565567abf206d91e527eceea34e59e881e8bea",
    "https://esm.sh/starknet@5.19.5/denonext/starknet.mjs": "4c9dc6c47942222330d18e225a2a5ca2b4656e554ccd88e0862a3cc9b58b6afd",
    "https://esm.sh/url-join@4.0.1/denonext/url-join.mjs": "eb9795ca9eb246ac77b39657a9329416fd325f9c4535b9ba0ce8d349c8f0c777",
    "https://esm.sh/url-join@4.0.1?target=denonext": "1fcaad374a304ec1c0ea6458321e43d83170093316d0c9bc820a8dd073829157",
    "https://esm.sh/utf-8-validate@5.0.10/denonext/utf-8-validate.mjs": "93ba097cf562d3ffe4b5784520cb4ddaca93d4629245439b24da5e1fefcef4b0",
    "https://esm.sh/utf-8-validate@5.0.10?target=denonext": "72aedbb87d63ccd5b140d2216531babbe0e18df7688b2b2b28b7573e3d8dcf2a",
    "https://esm.sh/ws@8.5.0/denonext/ws.mjs": "3243c62f7cf454cc8d3df94cf26206b9d6c25744c957f3107b8f5db836ca4d72"
  },
  "workspace": {
    "packageJson": {
      "dependencies": [
        "npm:@bufbuild/buf@^1.53.0",
        "npm:bufferutil@^4.0.9",
        "npm:utf-8-validate@^6.0.5"
      ]
    }
  }
}
